<?xml version="1.0" encoding="utf-8"?>
<Project ToolsVersion="4.0" xmlns="http://schemas.microsoft.com/developer/msbuild/2003">
  <ItemGroup>
    <ClCompile Include="src\physics\b2Physics.cpp" />
    <ClCompile Include="src\core\Scene.cpp" />
    <ClCompile Include="src\core\Angle.cpp" />
    <ClCompile Include="src\core\Sceneloader.cpp" />
    <ClCompile Include="src\graphics\Camera.cpp" />
    <ClCompile Include="src\graphics\CameraRenderer.cpp" />
    <ClCompile Include="src\graphics\CircleRendererComponent.cpp" />
    <ClCompile Include="src\core\Component.cpp" />
    <ClCompile Include="src\core\Vector2.cpp" />
    <ClCompile Include="src\core\Game.cpp" />
    <ClCompile Include="src\core\GameObject.cpp" />
    <ClCompile Include="src\core\main.cpp" />
    <ClCompile Include="src\graphics\RenderComponent.cpp" />
    <ClCompile Include="src\graphics\SpriteRendererComponent.cpp" />
    <ClCompile Include="src\input\MouseFollowerComponent.cpp" />
    <ClCompile Include="src\physics\StaticBoxComponent.cpp" />
    <ClCompile Include="src\util\FileLogger.cpp" />
    <ClCompile Include="src\util\ILogger.cpp" />
    <ClCompile Include="src\input\SfmlInputService.cpp" />
    <ClCompile Include="src\graphics\SfmlRenderer.cpp" />
    <ClCompile Include="src\physics\BallPhysicsComponent.cpp" />
    <ClCompile Include="src\graphics\Viewport.cpp" />
    <ClCompile Include="src\physics\BounceDetectComponent.cpp" />
    <ClCompile Include="src\graphics\UiCameraRenderer.cpp" />
    <ClCompile Include="src\graphics\IdentityViewport.cpp" />
    <ClCompile Include="src\input\InputPublisher.cpp" />
    <ClCompile Include="src\input\MouseClickLoggerComponent.cpp" />
    <ClCompile Include="src\input\ButtonComponent.cpp" />
    <ClCompile Include="src\input\ObjectPickerButton.cpp" />
    <ClCompile Include="src\input\LoggerButton.cpp" />
    <ClCompile Include="src\core\MessageDispatcher.cpp" />
    <ClCompile Include="src\core\EventBroadcast.cpp" />
    <ClCompile Include="src\input\GhostComponent.cpp" />
  </ItemGroup>
  <ItemGroup>
    <ClInclude Include="header\core\Angle.h" />
    <ClInclude Include="header\core\ComponentDTOs.h" />
    <ClInclude Include="header\core\Game.h" />
    <ClInclude Include="header\core\Scene.h" />
    <ClInclude Include="header\core\SceneLoader.h" />
    <ClInclude Include="header\core\Transform.h" />
    <ClInclude Include="header\graphics\Camera.h" />
    <ClInclude Include="header\graphics\CameraRenderer.h" />
    <ClInclude Include="header\graphics\CircleRendererComponent.h" />
    <ClInclude Include="header\core\Component.h" />
    <ClInclude Include="header\graphics\IViewport.h" />
    <ClInclude Include="header\graphics\SpriteRendererComponent.h" />
    <ClInclude Include="header\input\MouseFollowerComponent.h" />
    <ClInclude Include="header\physics\b2Physics.h" />
    <ClInclude Include="header\physics\BodyDefinition.h" />
    <ClInclude Include="header\physics\IPhysicsEngine.h" />
    <ClInclude Include="header\physics\StaticBoxComponent.h" />
    <ClInclude Include="header\physics\World.h" />
    <ClInclude Include="header\util\ConsoleLogger.h" />
    <ClInclude Include="header\core\GameObject.h" />
    <ClInclude Include="header\util\FileLogger.h" />
    <ClInclude Include="header\util\ILogger.h" />
    <ClInclude Include="header\graphics\RenderComponent.h" />
    <ClInclude Include="header\core\Vector2.h" />
    <ClInclude Include="header\util\Exceptions.h" />
    <ClInclude Include="header\input\IInputService.h" />
    <ClInclude Include="header\graphics\IRenderer.h" />
    <ClInclude Include="header\input\SfmlInputService.h" />
    <ClInclude Include="header\graphics\SfmlRenderer.h" />
    <ClInclude Include="header\physics\BallPhysicsComponent.h" />
    <ClInclude Include="header\graphics\Viewport.h" />
    <ClInclude Include="header\graphics\ICameraRenderer.h" />
    <ClInclude Include="header\physics\BounceDetectComponent.h" />
    <ClInclude Include="header\graphics\UiCameraRenderer.h" />
    <ClInclude Include="header\graphics\IdentityViewport.h" />
    <ClInclude Include="header\input\InputPublisher.h" />
    <ClInclude Include="header\util\IObserver.h" />
    <ClInclude Include="header\events\ClickEvent.h" />
    <ClInclude Include="header\events\Event.h" />
    <ClInclude Include="header\events\MouseMoveEvent.h" />
    <ClInclude Include="header\input\MouseClickLoggerComponent.h" />
    <ClInclude Include="header\input\ButtonComponent.h" />
    <ClInclude Include="header\input\ObjectPickerButton.h" />
    <ClInclude Include="header\input\LoggerButton.h" />
    <ClInclude Include="header\core\MessageDispatcher.h" />
    <ClInclude Include="header\core\EventBroadcast.h" />
    <ClInclude Include="header\events\GhostPlacedEvent.h" />
    <ClInclude Include="header\events\GhostCreatedEvent.h" />
    <ClInclude Include="header\input\GhostComponent.h" />
  </ItemGroup>
  <ItemGroup>
    <Image Include="assets\Concrete.jpg" />
    <Image Include="assets\Crate.png" />
    <Image Include="assets\Test texture.jpg" />
    <Image Include="assets\truss.png" />
    <Image Include="assets\basketball.png" />
    <Image Include="assets\button_hovered.png" />
    <Image Include="assets\button.png" />
  </ItemGroup>
  <ItemGroup>
    <None Include="header\core\Color.inl" />
  </ItemGroup>
  <ItemGroup>
    <Text Include="assets\uiOverlapTestScene.xml" />
    <Text Include="assets\gameSettings.cfg" />
  </ItemGroup>
  <ItemGroup>
    <Xml Include="assets\anchortestScene.xml" />
    <Xml Include="assets\initialScene.xml" />
    <Xml Include="assets\ClickObserverTestScene.xml" />
    <Xml Include="assets\ButtonTestScene.xml" />
    <Xml Include="assets\ObjectPickerTest.xml" />
  </ItemGroup>
</Project>