<?xml version="1.0" encoding="utf-8"?>
<Project ToolsVersion="4.0" xmlns="http://schemas.microsoft.com/developer/msbuild/2003">
  <ItemGroup>
    <ClCompile Include="src\core\Scene.cpp" />
    <ClCompile Include="src\core\Angle.cpp" />
    <ClCompile Include="src\core\Sceneloader.cpp" />
    <ClCompile Include="src\graphics\CircleRendererComponent.cpp" />
    <ClCompile Include="src\core\Component.cpp" />
    <ClCompile Include="src\core\Vector2.cpp" />
    <ClCompile Include="src\core\Game.cpp" />
    <ClCompile Include="src\core\GameObject.cpp" />
    <ClCompile Include="src\core\main.cpp" />
    <ClCompile Include="src\graphics\RenderComponent.cpp" />
    <ClCompile Include="src\graphics\SpriteRendererComponent.cpp" />
    <ClCompile Include="src\input\MouseFollowerComponent.cpp" />
    <ClCompile Include="src\util\FileLogger.cpp" />
    <ClCompile Include="src\util\ILogger.cpp" />
    <ClCompile Include="src\input\SfmlInputService.cpp" />
    <ClCompile Include="src\graphics\SfmlRenderer.cpp" />
    <ClCompile Include="src\graphics\Camera.cpp" />
    <ClCompile Include="src\graphics\CameraRenderer.cpp" />
  </ItemGroup>
  <ItemGroup>
    <ClInclude Include="header\core\Angle.h" />
    <ClInclude Include="header\core\ComponentDTOs.h" />
    <ClInclude Include="header\core\Game.h" />
    <ClInclude Include="header\core\Scene.h" />
    <ClInclude Include="header\core\SceneLoader.h" />
    <ClInclude Include="header\core\Transform.h" />
    <ClInclude Include="header\graphics\CircleRendererComponent.h" />
    <ClInclude Include="header\core\Component.h" />
    <ClInclude Include="header\graphics\SpriteRendererComponent.h" />
    <ClInclude Include="header\input\MouseFollowerComponent.h" />
    <ClInclude Include="header\physics\IPhysicsEngine.h" />
    <ClInclude Include="header\util\ConsoleLogger.h" />
    <ClInclude Include="header\core\GameObject.h" />
    <ClInclude Include="header\util\FileLogger.h" />
    <ClInclude Include="header\util\ILogger.h" />
    <ClInclude Include="header\graphics\RenderComponent.h" />
    <ClInclude Include="header\core\Vector2.h" />
    <ClInclude Include="header\util\Exceptions.h" />
    <ClInclude Include="header\input\IInputService.h" />
    <ClInclude Include="header\graphics\IRenderer.h" />
    <ClInclude Include="header\input\SfmlInputService.h" />
    <ClInclude Include="header\graphics\SfmlRenderer.h" />
    <ClInclude Include="header\physics\BodyDefinition.h" />
    <ClInclude Include="header\physics\StaticBoxComponent.h" />
    <ClInclude Include="header\physics\World.h" />
    <ClInclude Include="header\graphics\Camera.h" />
    <ClInclude Include="header\graphics\IViewport.h" />
    <ClInclude Include="header\graphics\CameraRenderer.h" />
  </ItemGroup>
  <ItemGroup>
    <Image Include="assets\Concrete.jpg" />
    <Image Include="assets\Crate.png" />
    <Image Include="assets\Test texture.jpg" />
  </ItemGroup>
  <ItemGroup>
    <None Include="header\core\Color.inl" />
  </ItemGroup>
  <ItemGroup>
    <Text Include="assets\initialScene.xml" />
  </ItemGroup>
</Project>