<?xml version="1.0" encoding="utf-8"?>
<Project ToolsVersion="4.0" xmlns="http://schemas.microsoft.com/developer/msbuild/2003">
  <ItemGroup>
    <ClCompile Include="Vector2-TEST.cpp">
      <Filter>Unit Test Files</Filter>
    </ClCompile>
    <ClCompile Include="SfmlRendererer-TEST.cpp">
      <Filter>Unit Test Files</Filter>
    </ClCompile>
    <ClCompile Include="GameObject-TEST.cpp">
      <Filter>Unit Test Files</Filter>
    </ClCompile>
    <ClCompile Include="CircleRenderer-TEST.cpp">
      <Filter>Unit Test Files</Filter>
    </ClCompile>
    <ClCompile Include="Angles-TEST.cpp">
      <Filter>Unit Test Files</Filter>
    </ClCompile>
    <ClCompile Include="EmplaceComponent-TEST.cpp">
      <Filter>Unit Test Files</Filter>
    </ClCompile>
    <ClCompile Include="MouseFollowerComponent-TEST.cpp">
      <Filter>Unit Test Files</Filter>
    </ClCompile>
    <ClCompile Include="pch.cpp">
      <Filter>Unit Test Files</Filter>
    </ClCompile>
    <ClCompile Include="SpriteRenderingComponent-TEST.cpp">
      <Filter>Unit Test Files</Filter>
    </ClCompile>
    <ClCompile Include="StaticBoxComponent-TEST.cpp">
      <Filter>Unit Test Files</Filter>
    </ClCompile>
    <ClCompile Include="Mocks.cpp">
      <Filter>Other</Filter>
    </ClCompile>
    <ClCompile Include="b2Physics-TEST.cpp">
      <Filter>Unit Test Files</Filter>
    </ClCompile>
    <ClCompile Include="Viewport-TEST.cpp">
      <Filter>Unit Test Files</Filter>
    </ClCompile>
    <ClCompile Include="BallPhysicsComponent-TEST.cpp" />
  </ItemGroup>
  <ItemGroup>
    <ClInclude Include="MockGameObject.h">
      <Filter>Headers</Filter>
    </ClInclude>
    <ClInclude Include="MockInputService.h">
      <Filter>Headers</Filter>
    </ClInclude>
    <ClInclude Include="MockLogger.h">
      <Filter>Headers</Filter>
    </ClInclude>
    <ClInclude Include="MockPhysicsEngine.h">
      <Filter>Headers</Filter>
    </ClInclude>
    <ClInclude Include="MockRenderer.h">
      <Filter>Headers</Filter>
    </ClInclude>
    <ClInclude Include="pch.h">
      <Filter>Other</Filter>
    </ClInclude>
    <ClInclude Include="MockViewPort.h">
      <Filter>Headers</Filter>
    </ClInclude>
    <ClInclude Include="MockCameraRenderer.h">
      <Filter>Headers</Filter>
    </ClInclude>
  </ItemGroup>
  <ItemGroup>
    <Filter Include="Unit Test Files">
      <UniqueIdentifier>{56ebeb35-db43-4e77-9677-6f13f9102b42}</UniqueIdentifier>
    </Filter>
    <Filter Include="Headers">
      <UniqueIdentifier>{08fc9e11-d7ff-4dee-9b5e-b066e08f091e}</UniqueIdentifier>
    </Filter>
    <Filter Include="Other">
      <UniqueIdentifier>{1dbed28d-b5ef-4eac-aff5-12565166f87f}</UniqueIdentifier>
    </Filter>
  </ItemGroup>
  <ItemGroup>
    <None Include="packages.config" />
  </ItemGroup>
</Project>