<?xml version="1.0" encoding="utf-8"?>
<Project ToolsVersion="4.0" xmlns="http://schemas.microsoft.com/developer/msbuild/2003">
  <ItemGroup>
    <ClCompile Include="pch.cpp" />
    <ClCompile Include="Vector2-TEST.cpp">
      <Filter>Unit Test Files</Filter>
    </ClCompile>
    <ClCompile Include="SfmlRendererer-TEST.cpp">
      <Filter>Unit Test Files</Filter>
    </ClCompile>
    <ClCompile Include="GameObject-TEST.cpp">
      <Filter>Unit Test Files</Filter>
    </ClCompile>
    <ClCompile Include="CircleRenderer-TEST.cpp">
      <Filter>Unit Test Files</Filter>
    </ClCompile>
    <ClCompile Include="Mocks.cpp" />
    <ClCompile Include="MouseFollowerComponent-TEST.cpp" />
    <ClCompile Include="EmplaceComponent-TEST.cpp" />
    <ClCompile Include="SpriteRenderingComponent-TEST.cpp" />
    <ClCompile Include="Angles-TEST.cpp" />
  </ItemGroup>
  <ItemGroup>
    <ClInclude Include="pch.h" />
    <ClInclude Include="MockRenderer.h" />
    <ClInclude Include="MockLogger.h" />
    <ClInclude Include="MockGameObject.h" />
    <ClInclude Include="MockInputService.h" />
  </ItemGroup>
  <ItemGroup>
    <Filter Include="Unit Test Files">
      <UniqueIdentifier>{56ebeb35-db43-4e77-9677-6f13f9102b42}</UniqueIdentifier>
    </Filter>
  </ItemGroup>
  <ItemGroup>
    <None Include="packages.config" />
  </ItemGroup>
</Project>